
Microsoft Visual Studio Solution File, Format Version 12.00
# Visual Studio Version 16
VisualStudioVersion = 16.0.32413.511
MinimumVisualStudioVersion = 10.0.40219.1
Project("{FAE04EC0-301F-11D3-BF4B-00C04F79EFBC}") = "samplemonogame", "samplemonogame\samplemonogame.csproj", "{A1651CD2-39E2-4CDE-BFB2-374EE5912798}"
EndProject
Global
	GlobalSection(SolutionConfigurationPlatforms) = preSolution
		Debug|Any CPU = Debug|Any CPU
		Release|Any CPU = Release|Any CPU
	EndGlobalSection
	GlobalSection(ProjectConfigurationPlatforms) = postSolution
		{A1651CD2-39E2-4CDE-BFB2-374EE5912798}.Debug|Any CPU.ActiveCfg = Debug|Any CPU
		{A1651CD2-39E2-4CDE-BFB2-374EE5912798}.Debug|Any CPU.Build.0 = Debug|Any CPU
		{A1651CD2-39E2-4CDE-BFB2-374EE5912798}.Release|Any CPU.ActiveCfg = Release|Any CPU
		{A1651CD2-39E2-4CDE-BFB2-374EE5912798}.Release|Any CPU.Build.0 = Release|Any CPU
	EndGlobalSection
	GlobalSection(SolutionProperties) = preSolution
		HideSolutionNode = FALSE
	EndGlobalSection
	GlobalSection(ExtensibilityGlobals) = postSolution
		SolutionGuid = {3C68966D-ED24-42D8-9988-4A8D99341287}
	EndGlobalSection
EndGlobal
